
Microsoft Visual Studio Solution File, Format Version 12.00
# Visual Studio Version 17
VisualStudioVersion = 17.10.35013.160
MinimumVisualStudioVersion = 10.0.40219.1
Project("{9A19103F-16F7-4668-BE54-9A1E7A4F7556}") = "Lionk.Rpi.Gpio", "Lionk.Rpi.Gpio\Lionk.Rpi.Gpio.csproj", "{98EA03B4-FC7D-443F-B21C-449F02436FC5}"
EndProject
Project("{9A19103F-16F7-4668-BE54-9A1E7A4F7556}") = "ConsoleTester", "ConsoleTester\ConsoleTester.csproj", "{E2684602-3CBE-47E6-BF5B-C9FA53267D21}"
EndProject
Project("{9A19103F-16F7-4668-BE54-9A1E7A4F7556}") = "Lionk.Rpi.TemperatureSensor", "Lionk.Rpi.TemperatureSensor\Lionk.Rpi.TemperatureSensor.csproj", "{F05E9CFC-880B-4FBE-AF7D-DD05CCE352E0}"
EndProject
Project("{9A19103F-16F7-4668-BE54-9A1E7A4F7556}") = "Lionk.Rpi.TemperatureSensor.Razor", "Lionk.Rpi.TemperatureSensor.Razor\Lionk.Rpi.TemperatureSensor.Razor.csproj", "{8E241A67-6AA4-491F-A173-3EE300E15DFB}"
EndProject
Project("{9A19103F-16F7-4668-BE54-9A1E7A4F7556}") = "BlazorTester", "Blazor.Tester\BlazorTester.csproj", "{05DA7044-4589-4215-851E-2BED8902D11D}"
EndProject
Project("{9A19103F-16F7-4668-BE54-9A1E7A4F7556}") = "Lionk.Rpi.Gpio.Razor", "Lionk.Rpi.Gpio.Razor\Lionk.Rpi.Gpio.Razor.csproj", "{75A0B5B2-9E09-4917-8F63-C905A93E1302}"
EndProject
Project("{2150E333-8FDC-42A3-9474-1A3956D46DE8}") = "framework", "framework", "{AB50A99E-F266-497C-80D2-CC2AEA197820}"
EndProject
Project("{9A19103F-16F7-4668-BE54-9A1E7A4F7556}") = "Lionk.Core", "..\Lionk\src\Lib\Lionk.Core\Lionk.Core.csproj", "{96BDB0E8-7A03-4213-B409-C5940B910687}"
EndProject
Project("{9A19103F-16F7-4668-BE54-9A1E7A4F7556}") = "Lionk.Core.Razor", "..\Lionk\src\Lib\Lionk.Core.Razor\Lionk.Core.Razor.csproj", "{2AA7A1E0-4E8A-46EE-95EF-E2B860DD2ABE}"
EndProject
Project("{9A19103F-16F7-4668-BE54-9A1E7A4F7556}") = "Lionk.Logger", "..\Lionk\src\Lib\Lionk.Logger\Lionk.Logger.csproj", "{2D301103-39FC-4AEE-9212-4671E49323F2}"
EndProject
Project("{9A19103F-16F7-4668-BE54-9A1E7A4F7556}") = "Lionk.Notification", "..\Lionk\src\Lib\Lionk.Notifications\Lionk.Notification.csproj", "{C25967C1-80AE-45E5-AA5A-2F08B6C0D745}"
EndProject
Project("{9A19103F-16F7-4668-BE54-9A1E7A4F7556}") = "Lionk.Utils", "..\Lionk\src\Lib\Lionk.Utils\Lionk.Utils.csproj", "{8A67609C-4AE3-4D9F-95E1-0E9B5096CCBE}"
EndProject
Global
	GlobalSection(SolutionConfigurationPlatforms) = preSolution
		Debug|Any CPU = Debug|Any CPU
		Debug|x64 = Debug|x64
		Debug|x86 = Debug|x86
		Release|Any CPU = Release|Any CPU
		Release|x64 = Release|x64
		Release|x86 = Release|x86
	EndGlobalSection
	GlobalSection(ProjectConfigurationPlatforms) = postSolution
		{98EA03B4-FC7D-443F-B21C-449F02436FC5}.Debug|Any CPU.ActiveCfg = Debug|Any CPU
		{98EA03B4-FC7D-443F-B21C-449F02436FC5}.Debug|Any CPU.Build.0 = Debug|Any CPU
		{98EA03B4-FC7D-443F-B21C-449F02436FC5}.Debug|x64.ActiveCfg = Debug|x64
		{98EA03B4-FC7D-443F-B21C-449F02436FC5}.Debug|x64.Build.0 = Debug|x64
		{98EA03B4-FC7D-443F-B21C-449F02436FC5}.Debug|x86.ActiveCfg = Debug|x86
		{98EA03B4-FC7D-443F-B21C-449F02436FC5}.Debug|x86.Build.0 = Debug|x86
		{98EA03B4-FC7D-443F-B21C-449F02436FC5}.Release|Any CPU.ActiveCfg = Release|Any CPU
		{98EA03B4-FC7D-443F-B21C-449F02436FC5}.Release|Any CPU.Build.0 = Release|Any CPU
		{98EA03B4-FC7D-443F-B21C-449F02436FC5}.Release|x64.ActiveCfg = Release|x64
		{98EA03B4-FC7D-443F-B21C-449F02436FC5}.Release|x64.Build.0 = Release|x64
		{98EA03B4-FC7D-443F-B21C-449F02436FC5}.Release|x86.ActiveCfg = Release|x86
		{98EA03B4-FC7D-443F-B21C-449F02436FC5}.Release|x86.Build.0 = Release|x86
		{E2684602-3CBE-47E6-BF5B-C9FA53267D21}.Debug|Any CPU.ActiveCfg = Debug|Any CPU
		{E2684602-3CBE-47E6-BF5B-C9FA53267D21}.Debug|Any CPU.Build.0 = Debug|Any CPU
		{E2684602-3CBE-47E6-BF5B-C9FA53267D21}.Debug|x64.ActiveCfg = Debug|x64
		{E2684602-3CBE-47E6-BF5B-C9FA53267D21}.Debug|x64.Build.0 = Debug|x64
		{E2684602-3CBE-47E6-BF5B-C9FA53267D21}.Debug|x86.ActiveCfg = Debug|x86
		{E2684602-3CBE-47E6-BF5B-C9FA53267D21}.Debug|x86.Build.0 = Debug|x86
		{E2684602-3CBE-47E6-BF5B-C9FA53267D21}.Release|Any CPU.ActiveCfg = Release|Any CPU
		{E2684602-3CBE-47E6-BF5B-C9FA53267D21}.Release|Any CPU.Build.0 = Release|Any CPU
		{E2684602-3CBE-47E6-BF5B-C9FA53267D21}.Release|x64.ActiveCfg = Release|x64
		{E2684602-3CBE-47E6-BF5B-C9FA53267D21}.Release|x64.Build.0 = Release|x64
		{E2684602-3CBE-47E6-BF5B-C9FA53267D21}.Release|x86.ActiveCfg = Release|x86
		{E2684602-3CBE-47E6-BF5B-C9FA53267D21}.Release|x86.Build.0 = Release|x86
		{F05E9CFC-880B-4FBE-AF7D-DD05CCE352E0}.Debug|Any CPU.ActiveCfg = Debug|Any CPU
		{F05E9CFC-880B-4FBE-AF7D-DD05CCE352E0}.Debug|Any CPU.Build.0 = Debug|Any CPU
		{F05E9CFC-880B-4FBE-AF7D-DD05CCE352E0}.Debug|x64.ActiveCfg = Debug|x64
		{F05E9CFC-880B-4FBE-AF7D-DD05CCE352E0}.Debug|x64.Build.0 = Debug|x64
		{F05E9CFC-880B-4FBE-AF7D-DD05CCE352E0}.Debug|x86.ActiveCfg = Debug|x86
		{F05E9CFC-880B-4FBE-AF7D-DD05CCE352E0}.Debug|x86.Build.0 = Debug|x86
		{F05E9CFC-880B-4FBE-AF7D-DD05CCE352E0}.Release|Any CPU.ActiveCfg = Release|Any CPU
		{F05E9CFC-880B-4FBE-AF7D-DD05CCE352E0}.Release|Any CPU.Build.0 = Release|Any CPU
		{F05E9CFC-880B-4FBE-AF7D-DD05CCE352E0}.Release|x64.ActiveCfg = Release|x64
		{F05E9CFC-880B-4FBE-AF7D-DD05CCE352E0}.Release|x64.Build.0 = Release|x64
		{F05E9CFC-880B-4FBE-AF7D-DD05CCE352E0}.Release|x86.ActiveCfg = Release|x86
		{F05E9CFC-880B-4FBE-AF7D-DD05CCE352E0}.Release|x86.Build.0 = Release|x86
		{8E241A67-6AA4-491F-A173-3EE300E15DFB}.Debug|Any CPU.ActiveCfg = Debug|Any CPU
		{8E241A67-6AA4-491F-A173-3EE300E15DFB}.Debug|Any CPU.Build.0 = Debug|Any CPU
		{8E241A67-6AA4-491F-A173-3EE300E15DFB}.Debug|x64.ActiveCfg = Debug|x64
		{8E241A67-6AA4-491F-A173-3EE300E15DFB}.Debug|x64.Build.0 = Debug|x64
		{8E241A67-6AA4-491F-A173-3EE300E15DFB}.Debug|x86.ActiveCfg = Debug|x86
		{8E241A67-6AA4-491F-A173-3EE300E15DFB}.Debug|x86.Build.0 = Debug|x86
		{8E241A67-6AA4-491F-A173-3EE300E15DFB}.Release|Any CPU.ActiveCfg = Release|Any CPU
		{8E241A67-6AA4-491F-A173-3EE300E15DFB}.Release|Any CPU.Build.0 = Release|Any CPU
		{8E241A67-6AA4-491F-A173-3EE300E15DFB}.Release|x64.ActiveCfg = Release|x64
		{8E241A67-6AA4-491F-A173-3EE300E15DFB}.Release|x64.Build.0 = Release|x64
		{8E241A67-6AA4-491F-A173-3EE300E15DFB}.Release|x86.ActiveCfg = Release|x86
		{8E241A67-6AA4-491F-A173-3EE300E15DFB}.Release|x86.Build.0 = Release|x86
		{05DA7044-4589-4215-851E-2BED8902D11D}.Debug|Any CPU.ActiveCfg = Debug|Any CPU
		{05DA7044-4589-4215-851E-2BED8902D11D}.Debug|Any CPU.Build.0 = Debug|Any CPU
		{05DA7044-4589-4215-851E-2BED8902D11D}.Debug|x64.ActiveCfg = Debug|x64
		{05DA7044-4589-4215-851E-2BED8902D11D}.Debug|x64.Build.0 = Debug|x64
		{05DA7044-4589-4215-851E-2BED8902D11D}.Debug|x86.ActiveCfg = Debug|x86
		{05DA7044-4589-4215-851E-2BED8902D11D}.Debug|x86.Build.0 = Debug|x86
		{05DA7044-4589-4215-851E-2BED8902D11D}.Release|Any CPU.ActiveCfg = Release|Any CPU
		{05DA7044-4589-4215-851E-2BED8902D11D}.Release|Any CPU.Build.0 = Release|Any CPU
		{05DA7044-4589-4215-851E-2BED8902D11D}.Release|x64.ActiveCfg = Release|x64
		{05DA7044-4589-4215-851E-2BED8902D11D}.Release|x64.Build.0 = Release|x64
		{05DA7044-4589-4215-851E-2BED8902D11D}.Release|x86.ActiveCfg = Release|x86
		{05DA7044-4589-4215-851E-2BED8902D11D}.Release|x86.Build.0 = Release|x86
		{75A0B5B2-9E09-4917-8F63-C905A93E1302}.Debug|Any CPU.ActiveCfg = Debug|Any CPU
		{75A0B5B2-9E09-4917-8F63-C905A93E1302}.Debug|Any CPU.Build.0 = Debug|Any CPU
		{75A0B5B2-9E09-4917-8F63-C905A93E1302}.Debug|x64.ActiveCfg = Debug|x64
		{75A0B5B2-9E09-4917-8F63-C905A93E1302}.Debug|x64.Build.0 = Debug|x64
		{75A0B5B2-9E09-4917-8F63-C905A93E1302}.Debug|x86.ActiveCfg = Debug|x86
		{75A0B5B2-9E09-4917-8F63-C905A93E1302}.Debug|x86.Build.0 = Debug|x86
		{75A0B5B2-9E09-4917-8F63-C905A93E1302}.Release|Any CPU.ActiveCfg = Release|Any CPU
		{75A0B5B2-9E09-4917-8F63-C905A93E1302}.Release|Any CPU.Build.0 = Release|Any CPU
		{75A0B5B2-9E09-4917-8F63-C905A93E1302}.Release|x64.ActiveCfg = Release|x64
		{75A0B5B2-9E09-4917-8F63-C905A93E1302}.Release|x64.Build.0 = Release|x64
		{75A0B5B2-9E09-4917-8F63-C905A93E1302}.Release|x86.ActiveCfg = Release|x86
		{75A0B5B2-9E09-4917-8F63-C905A93E1302}.Release|x86.Build.0 = Release|x86
		{96BDB0E8-7A03-4213-B409-C5940B910687}.Debug|Any CPU.ActiveCfg = Debug|Any CPU
		{96BDB0E8-7A03-4213-B409-C5940B910687}.Debug|Any CPU.Build.0 = Debug|Any CPU
		{96BDB0E8-7A03-4213-B409-C5940B910687}.Debug|x64.ActiveCfg = Debug|x64
		{96BDB0E8-7A03-4213-B409-C5940B910687}.Debug|x64.Build.0 = Debug|x64
		{96BDB0E8-7A03-4213-B409-C5940B910687}.Debug|x86.ActiveCfg = Debug|x86
		{96BDB0E8-7A03-4213-B409-C5940B910687}.Debug|x86.Build.0 = Debug|x86
		{96BDB0E8-7A03-4213-B409-C5940B910687}.Release|Any CPU.ActiveCfg = Release|Any CPU
		{96BDB0E8-7A03-4213-B409-C5940B910687}.Release|Any CPU.Build.0 = Release|Any CPU
		{96BDB0E8-7A03-4213-B409-C5940B910687}.Release|x64.ActiveCfg = Release|x64
		{96BDB0E8-7A03-4213-B409-C5940B910687}.Release|x64.Build.0 = Release|x64
		{96BDB0E8-7A03-4213-B409-C5940B910687}.Release|x86.ActiveCfg = Release|x86
		{96BDB0E8-7A03-4213-B409-C5940B910687}.Release|x86.Build.0 = Release|x86
		{2AA7A1E0-4E8A-46EE-95EF-E2B860DD2ABE}.Debug|Any CPU.ActiveCfg = Debug|Any CPU
		{2AA7A1E0-4E8A-46EE-95EF-E2B860DD2ABE}.Debug|Any CPU.Build.0 = Debug|Any CPU
		{2AA7A1E0-4E8A-46EE-95EF-E2B860DD2ABE}.Debug|x64.ActiveCfg = Debug|x64
		{2AA7A1E0-4E8A-46EE-95EF-E2B860DD2ABE}.Debug|x64.Build.0 = Debug|x64
		{2AA7A1E0-4E8A-46EE-95EF-E2B860DD2ABE}.Debug|x86.ActiveCfg = Debug|x86
		{2AA7A1E0-4E8A-46EE-95EF-E2B860DD2ABE}.Debug|x86.Build.0 = Debug|x86
		{2AA7A1E0-4E8A-46EE-95EF-E2B860DD2ABE}.Release|Any CPU.ActiveCfg = Release|Any CPU
		{2AA7A1E0-4E8A-46EE-95EF-E2B860DD2ABE}.Release|Any CPU.Build.0 = Release|Any CPU
		{2AA7A1E0-4E8A-46EE-95EF-E2B860DD2ABE}.Release|x64.ActiveCfg = Release|x64
		{2AA7A1E0-4E8A-46EE-95EF-E2B860DD2ABE}.Release|x64.Build.0 = Release|x64
		{2AA7A1E0-4E8A-46EE-95EF-E2B860DD2ABE}.Release|x86.ActiveCfg = Release|x86
		{2AA7A1E0-4E8A-46EE-95EF-E2B860DD2ABE}.Release|x86.Build.0 = Release|x86
		{2D301103-39FC-4AEE-9212-4671E49323F2}.Debug|Any CPU.ActiveCfg = Debug|Any CPU
		{2D301103-39FC-4AEE-9212-4671E49323F2}.Debug|Any CPU.Build.0 = Debug|Any CPU
		{2D301103-39FC-4AEE-9212-4671E49323F2}.Debug|x64.ActiveCfg = Debug|x64
		{2D301103-39FC-4AEE-9212-4671E49323F2}.Debug|x64.Build.0 = Debug|x64
		{2D301103-39FC-4AEE-9212-4671E49323F2}.Debug|x86.ActiveCfg = Debug|x86
		{2D301103-39FC-4AEE-9212-4671E49323F2}.Debug|x86.Build.0 = Debug|x86
		{2D301103-39FC-4AEE-9212-4671E49323F2}.Release|Any CPU.ActiveCfg = Release|Any CPU
		{2D301103-39FC-4AEE-9212-4671E49323F2}.Release|Any CPU.Build.0 = Release|Any CPU
		{2D301103-39FC-4AEE-9212-4671E49323F2}.Release|x64.ActiveCfg = Release|x64
		{2D301103-39FC-4AEE-9212-4671E49323F2}.Release|x64.Build.0 = Release|x64
		{2D301103-39FC-4AEE-9212-4671E49323F2}.Release|x86.ActiveCfg = Release|x86
		{2D301103-39FC-4AEE-9212-4671E49323F2}.Release|x86.Build.0 = Release|x86
		{C25967C1-80AE-45E5-AA5A-2F08B6C0D745}.Debug|Any CPU.ActiveCfg = Debug|Any CPU
		{C25967C1-80AE-45E5-AA5A-2F08B6C0D745}.Debug|Any CPU.Build.0 = Debug|Any CPU
		{C25967C1-80AE-45E5-AA5A-2F08B6C0D745}.Debug|x64.ActiveCfg = Debug|x64
		{C25967C1-80AE-45E5-AA5A-2F08B6C0D745}.Debug|x64.Build.0 = Debug|x64
		{C25967C1-80AE-45E5-AA5A-2F08B6C0D745}.Debug|x86.ActiveCfg = Debug|x86
		{C25967C1-80AE-45E5-AA5A-2F08B6C0D745}.Debug|x86.Build.0 = Debug|x86
		{C25967C1-80AE-45E5-AA5A-2F08B6C0D745}.Release|Any CPU.ActiveCfg = Release|Any CPU
		{C25967C1-80AE-45E5-AA5A-2F08B6C0D745}.Release|Any CPU.Build.0 = Release|Any CPU
		{C25967C1-80AE-45E5-AA5A-2F08B6C0D745}.Release|x64.ActiveCfg = Release|x64
		{C25967C1-80AE-45E5-AA5A-2F08B6C0D745}.Release|x64.Build.0 = Release|x64
		{C25967C1-80AE-45E5-AA5A-2F08B6C0D745}.Release|x86.ActiveCfg = Release|x86
		{C25967C1-80AE-45E5-AA5A-2F08B6C0D745}.Release|x86.Build.0 = Release|x86
		{8A67609C-4AE3-4D9F-95E1-0E9B5096CCBE}.Debug|Any CPU.ActiveCfg = Debug|Any CPU
		{8A67609C-4AE3-4D9F-95E1-0E9B5096CCBE}.Debug|Any CPU.Build.0 = Debug|Any CPU
		{8A67609C-4AE3-4D9F-95E1-0E9B5096CCBE}.Debug|x64.ActiveCfg = Debug|x64
		{8A67609C-4AE3-4D9F-95E1-0E9B5096CCBE}.Debug|x64.Build.0 = Debug|x64
		{8A67609C-4AE3-4D9F-95E1-0E9B5096CCBE}.Debug|x86.ActiveCfg = Debug|x86
		{8A67609C-4AE3-4D9F-95E1-0E9B5096CCBE}.Debug|x86.Build.0 = Debug|x86
		{8A67609C-4AE3-4D9F-95E1-0E9B5096CCBE}.Release|Any CPU.ActiveCfg = Release|Any CPU
		{8A67609C-4AE3-4D9F-95E1-0E9B5096CCBE}.Release|Any CPU.Build.0 = Release|Any CPU
		{8A67609C-4AE3-4D9F-95E1-0E9B5096CCBE}.Release|x64.ActiveCfg = Release|x64
		{8A67609C-4AE3-4D9F-95E1-0E9B5096CCBE}.Release|x64.Build.0 = Release|x64
		{8A67609C-4AE3-4D9F-95E1-0E9B5096CCBE}.Release|x86.ActiveCfg = Release|x86
		{8A67609C-4AE3-4D9F-95E1-0E9B5096CCBE}.Release|x86.Build.0 = Release|x86
	EndGlobalSection
	GlobalSection(SolutionProperties) = preSolution
		HideSolutionNode = FALSE
	EndGlobalSection
	GlobalSection(NestedProjects) = preSolution
		{96BDB0E8-7A03-4213-B409-C5940B910687} = {AB50A99E-F266-497C-80D2-CC2AEA197820}
		{2AA7A1E0-4E8A-46EE-95EF-E2B860DD2ABE} = {AB50A99E-F266-497C-80D2-CC2AEA197820}
		{2D301103-39FC-4AEE-9212-4671E49323F2} = {AB50A99E-F266-497C-80D2-CC2AEA197820}
		{C25967C1-80AE-45E5-AA5A-2F08B6C0D745} = {AB50A99E-F266-497C-80D2-CC2AEA197820}
		{8A67609C-4AE3-4D9F-95E1-0E9B5096CCBE} = {AB50A99E-F266-497C-80D2-CC2AEA197820}
	EndGlobalSection
	GlobalSection(ExtensibilityGlobals) = postSolution
		SolutionGuid = {CF6075B2-0F28-49CD-B834-08297E22FBA4}
	EndGlobalSection
EndGlobal
